
Microsoft Visual Studio Solution File, Format Version 12.00
# Visual Studio Version 17
VisualStudioVersion = 17.8.34511.84
MinimumVisualStudioVersion = 10.0.40219.1
Project("{FAE04EC0-301F-11D3-BF4B-00C04F79EFBC}") = "SoapInNetCore", "SoapInNetCore\SoapInNetCore.csproj", "{870FC9C0-21D8-4C2F-A337-48ADD52B7E0C}"
EndProject
Global
	GlobalSection(SolutionConfigurationPlatforms) = preSolution
		Debug|Any CPU = Debug|Any CPU
		Release|Any CPU = Release|Any CPU
	EndGlobalSection
	GlobalSection(ProjectConfigurationPlatforms) = postSolution
		{870FC9C0-21D8-4C2F-A337-48ADD52B7E0C}.Debug|Any CPU.ActiveCfg = Debug|Any CPU
		{870FC9C0-21D8-4C2F-A337-48ADD52B7E0C}.Debug|Any CPU.Build.0 = Debug|Any CPU
		{870FC9C0-21D8-4C2F-A337-48ADD52B7E0C}.Release|Any CPU.ActiveCfg = Release|Any CPU
		{870FC9C0-21D8-4C2F-A337-48ADD52B7E0C}.Release|Any CPU.Build.0 = Release|Any CPU
	EndGlobalSection
	GlobalSection(SolutionProperties) = preSolution
		HideSolutionNode = FALSE
	EndGlobalSection
	GlobalSection(ExtensibilityGlobals) = postSolution
		SolutionGuid = {F82C3AE6-B9C8-4EF3-97DE-AED8515E0C40}
	EndGlobalSection
EndGlobal
